
Microsoft Visual Studio Solution File, Format Version 12.00
# Visual Studio Version 16
VisualStudioVersion = 16.0.30907.101
MinimumVisualStudioVersion = 10.0.40219.1
Project("{FAE04EC0-301F-11D3-BF4B-00C04F79EFBC}") = "BMR", "BMR\BMR.csproj", "{53855308-62FD-4924-9977-8F3EB8DA2963}"
EndProject
Global
	GlobalSection(SolutionConfigurationPlatforms) = preSolution
		Debug|Any CPU = Debug|Any CPU
		Release|Any CPU = Release|Any CPU
	EndGlobalSection
	GlobalSection(ProjectConfigurationPlatforms) = postSolution
		{53855308-62FD-4924-9977-8F3EB8DA2963}.Debug|Any CPU.ActiveCfg = Debug|Any CPU
		{53855308-62FD-4924-9977-8F3EB8DA2963}.Debug|Any CPU.Build.0 = Debug|Any CPU
		{53855308-62FD-4924-9977-8F3EB8DA2963}.Release|Any CPU.ActiveCfg = Release|Any CPU
		{53855308-62FD-4924-9977-8F3EB8DA2963}.Release|Any CPU.Build.0 = Release|Any CPU
	EndGlobalSection
	GlobalSection(SolutionProperties) = preSolution
		HideSolutionNode = FALSE
	EndGlobalSection
	GlobalSection(ExtensibilityGlobals) = postSolution
		SolutionGuid = {E17565F0-23DC-4DA1-AD23-A8D50A3B4B45}
	EndGlobalSection
EndGlobal
